// !$*UTF8*$!
{
	archiveVersion = 1;
	classes = {
	};
	objectVersion = 77;
	objects = {

/* Begin PBXBuildFile section */
		01626160451B48B804DCFB04 /* RootGates.swift in Sources */ = {isa = PBXBuildFile; fileRef = 1032A49894F75CD828D5BA26 /* RootGates.swift */; };
		0539B0B434063E373D3D798F /* AppStrings.swift in Sources */ = {isa = PBXBuildFile; fileRef = 0C40A21C37AD104957DD4999 /* AppStrings.swift */; };
		09EF295DE4AD83F20308E424 /* InfoPlist.strings in Resources */ = {isa = PBXBuildFile; fileRef = 3B1306692224BD06CE0E55BF /* InfoPlist.strings */; };
		0E32E65689FF17CEBD1E46D5 /* FeatureVitals in Frameworks */ = {isa = PBXBuildFile; productRef = 5FBA7A24FA520BFB0BB3288E /* FeatureVitals */; };
		0E8DF43BA69659B95A5AB53F /* DoseAlarmIntents.swift in Sources */ = {isa = PBXBuildFile; fileRef = 384B5192E6595A6C79156881 /* DoseAlarmIntents.swift */; };
		0E9E0DAA19047413F9B8EF0D /* FeatureAIHealth in Frameworks */ = {isa = PBXBuildFile; productRef = C7390788843E1825E51A8168 /* FeatureAIHealth */; };
		1102517D43A6643370219A27 /* AppCompositionRoot.swift in Sources */ = {isa = PBXBuildFile; fileRef = 15AD79D550BC94771443016D /* AppCompositionRoot.swift */; };
		1F0578B19CE4AC5AB5CCC17F /* DebugReminderHandler.swift in Sources */ = {isa = PBXBuildFile; fileRef = 4C21605CC5C2E2D933AFE62F /* DebugReminderHandler.swift */; };
		1F2A3ABC31C5E56E096402D3 /* AiHealthLanguageProvider.swift in Sources */ = {isa = PBXBuildFile; fileRef = 6F9E9049E82ED2E281E9C07E /* AiHealthLanguageProvider.swift */; };
		20CE1EC6D03BC4A4DE7B0C06 /* AppCompositionRoot+Reminder.swift in Sources */ = {isa = PBXBuildFile; fileRef = 837A905B9212600BCAD4F423 /* AppCompositionRoot+Reminder.swift */; };
		23F65989585616FBE8ED64EA /* FeatureMedications in Frameworks */ = {isa = PBXBuildFile; productRef = A09472DCFC9DF142C53A2DB6 /* FeatureMedications */; };
		31B1435CF5BE4BF05CC0C0C1 /* Localizable.xcstrings in Resources */ = {isa = PBXBuildFile; fileRef = 322C707DD49C5D019E45E256 /* Localizable.xcstrings */; };
		3321C284993CDAECC785BB87 /* SalusDatabase in Frameworks */ = {isa = PBXBuildFile; productRef = 23E6F4A762A65FDBF66C5851 /* SalusDatabase */; };
		3465E87C8F8A0E450EA3DB25 /* AppLockScreen.swift in Sources */ = {isa = PBXBuildFile; fileRef = 17EC8F7F2D16791CF7D4063F /* AppLockScreen.swift */; };
		347CC17203F154F13B32CE21 /* PaywallHost.swift in Sources */ = {isa = PBXBuildFile; fileRef = 095041F0094FA2361E9C69EE /* PaywallHost.swift */; };
		3D484E56042E4D7001156A70 /* AppCompositionRoot+Modules.swift in Sources */ = {isa = PBXBuildFile; fileRef = C46AC39F5A2F807756E92213 /* AppCompositionRoot+Modules.swift */; };
		4E1FB0FCA8071ED1503A2FEC /* AppLockGate.swift in Sources */ = {isa = PBXBuildFile; fileRef = AC90CD3E4D0ADF19D6382982 /* AppLockGate.swift */; };
		537EC5AA135769AF924F7DC3 /* SalusCommon in Frameworks */ = {isa = PBXBuildFile; productRef = AC3FBAE5BFB699978B2666B6 /* SalusCommon */; };
		551793D6452E4FC23ACF2654 /* SalusNavigation in Frameworks */ = {isa = PBXBuildFile; productRef = ACCBF7E12A2FD2C767BEFFBE /* SalusNavigation */; };
		56D46F5ED917FBAEA79E96F5 /* FeatureOnboarding in Frameworks */ = {isa = PBXBuildFile; productRef = C6307E49C6A4B39D1F40287C /* FeatureOnboarding */; };
		61FCE28653A2B350591DE06E /* FeatureHome in Frameworks */ = {isa = PBXBuildFile; productRef = 2E2A6F78A5DCD99FDD5C879B /* FeatureHome */; };
		67B28E418073168A4F8C0D99 /* FeatureAppointments in Frameworks */ = {isa = PBXBuildFile; productRef = 80827652F8B85F6508132EC2 /* FeatureAppointments */; };
		71A7E5AF1C24B88439724AF9 /* RootTab.swift in Sources */ = {isa = PBXBuildFile; fileRef = 814A06AA9BCDD69E3C76C98E /* RootTab.swift */; };
		7A7E19B0A72C770F33130FD3 /* WindowPurchaseHost.swift in Sources */ = {isa = PBXBuildFile; fileRef = B2E78EA7B704B8A1333B32A6 /* WindowPurchaseHost.swift */; };
		82BFDB838C5B33E74EC797EA /* AlarmActionBridge.swift in Sources */ = {isa = PBXBuildFile; fileRef = 7C55BD8FCF59C4D3D0B3D410 /* AlarmActionBridge.swift */; };
		8A50D3A5738D054EDC2BDB8B /* SalusPremium in Frameworks */ = {isa = PBXBuildFile; productRef = 87DE08D54D6185E8F6ABC654 /* SalusPremium */; };
		913F6C91A354A0813950BD24 /* salus_alarm.caf in Resources */ = {isa = PBXBuildFile; fileRef = 80918512BF78D2B9D3F0B433 /* salus_alarm.caf */; };
		99186A4143B93D27A5CCE3E2 /* SalusDesignSystem in Frameworks */ = {isa = PBXBuildFile; productRef = C9C72A59E0A6B87AFB4FE4FF /* SalusDesignSystem */; };
		A016D85074A4509AC99FF2FF /* SalusModel in Frameworks */ = {isa = PBXBuildFile; productRef = 8ECECD06AD0F99DA3A276AD5 /* SalusModel */; };
		B049FC0314FE8C521DE31994 /* SalusApp.swift in Sources */ = {isa = PBXBuildFile; fileRef = F703871BE6F4C3CF92AA8959 /* SalusApp.swift */; };
		B08C36EA11ED996DB0731323 /* SalusSettings in Frameworks */ = {isa = PBXBuildFile; productRef = 57D3E1D1FDC2AE9506EA16BD /* SalusSettings */; };
		B188A1539DA23C3F506EFCB9 /* SalusReminder in Frameworks */ = {isa = PBXBuildFile; productRef = A5B22EB0FD372492463281EC /* SalusReminder */; };
		B1AB01B38B995823C20C59CD /* LockPrompting.swift in Sources */ = {isa = PBXBuildFile; fileRef = BC743CA17A5881148ADB706C /* LockPrompting.swift */; };
		C2326DF7EB01BFBC5283C249 /* RootView.swift in Sources */ = {isa = PBXBuildFile; fileRef = 3682A16DBF8B254394C1B404 /* RootView.swift */; };
		C9CA768F60D2F662068FC166 /* SalusUI in Frameworks */ = {isa = PBXBuildFile; productRef = 886E308EC0BDC87438F00E5C /* SalusUI */; };
		D9E03062854D4C95BAF2AB90 /* FeatureSettings in Frameworks */ = {isa = PBXBuildFile; productRef = E9250C08C6EC71E8E58894A2 /* FeatureSettings */; };
		DA4B13A08A43ECDAE0D2FB35 /* FeatureCycle in Frameworks */ = {isa = PBXBuildFile; productRef = 5DF81EBE222F89283ED6ED69 /* FeatureCycle */; };
		E6D8F62A94D311D909FEF6B3 /* AppAlarmIntents.swift in Sources */ = {isa = PBXBuildFile; fileRef = CBB3D1F6577F9A1686EEF47C /* AppAlarmIntents.swift */; };
		E96240D6854215CCE9B0EB25 /* SalusProfile in Frameworks */ = {isa = PBXBuildFile; productRef = C00759E3F5DE77C5688CF407 /* SalusProfile */; };
		F23FBE658A3DFEC37FE4A564 /* FeaturePaywall in Frameworks */ = {isa = PBXBuildFile; productRef = 33D00ED7DEAC33B24C7D560B /* FeaturePaywall */; };
		FCAEC19BE57D93E9ECEF0569 /* PrivacyOverlay.swift in Sources */ = {isa = PBXBuildFile; fileRef = 1967360C450E679E57DA1D68 /* PrivacyOverlay.swift */; };
/* End PBXBuildFile section */

/* Begin PBXFileReference section */
		061B25B94B5030AB40007508 /* SalusPremium */ = {isa = PBXFileReference; lastKnownFileType = folder; name = SalusPremium; path = Packages/SalusPremium; sourceTree = SOURCE_ROOT; };
		069ADE1695ADB2AA5AA05801 /* Secrets.local.xcconfig */ = {isa = PBXFileReference; lastKnownFileType = text.xcconfig; path = Secrets.local.xcconfig; sourceTree = "<group>"; };
		095041F0094FA2361E9C69EE /* PaywallHost.swift */ = {isa = PBXFileReference; lastKnownFileType = sourcecode.swift; path = PaywallHost.swift; sourceTree = "<group>"; };
		0C40A21C37AD104957DD4999 /* AppStrings.swift */ = {isa = PBXFileReference; lastKnownFileType = sourcecode.swift; path = AppStrings.swift; sourceTree = "<group>"; };
		0CB7EF65297E10E2C5CF4C2D /* SalusDatabase */ = {isa = PBXFileReference; lastKnownFileType = folder; name = SalusDatabase; path = Packages/SalusDatabase; sourceTree = SOURCE_ROOT; };
		1032A49894F75CD828D5BA26 /* RootGates.swift */ = {isa = PBXFileReference; lastKnownFileType = sourcecode.swift; path = RootGates.swift; sourceTree = "<group>"; };
		15AD79D550BC94771443016D /* AppCompositionRoot.swift */ = {isa = PBXFileReference; lastKnownFileType = sourcecode.swift; path = AppCompositionRoot.swift; sourceTree = "<group>"; };
		17EC8F7F2D16791CF7D4063F /* AppLockScreen.swift */ = {isa = PBXFileReference; lastKnownFileType = sourcecode.swift; path = AppLockScreen.swift; sourceTree = "<group>"; };
		1967360C450E679E57DA1D68 /* PrivacyOverlay.swift */ = {isa = PBXFileReference; lastKnownFileType = sourcecode.swift; path = PrivacyOverlay.swift; sourceTree = "<group>"; };
		22BCD818921CF8261813C3F1 /* FeatureAIHealth */ = {isa = PBXFileReference; lastKnownFileType = folder; name = FeatureAIHealth; path = Packages/Features/FeatureAIHealth; sourceTree = SOURCE_ROOT; };
		2A068E62066834CBBAD1DFE8 /* FeatureAppointments */ = {isa = PBXFileReference; lastKnownFileType = folder; name = FeatureAppointments; path = Packages/Features/FeatureAppointments; sourceTree = SOURCE_ROOT; };
		32081AE7A86A99CF65AC0A3A /* SalusSettings */ = {isa = PBXFileReference; lastKnownFileType = folder; name = SalusSettings; path = Packages/SalusSettings; sourceTree = SOURCE_ROOT; };
		322C707DD49C5D019E45E256 /* Localizable.xcstrings */ = {isa = PBXFileReference; lastKnownFileType = text.json.xcstrings; path = Localizable.xcstrings; sourceTree = "<group>"; };
		3682A16DBF8B254394C1B404 /* RootView.swift */ = {isa = PBXFileReference; lastKnownFileType = sourcecode.swift; path = RootView.swift; sourceTree = "<group>"; };
		384B5192E6595A6C79156881 /* DoseAlarmIntents.swift */ = {isa = PBXFileReference; lastKnownFileType = sourcecode.swift; path = DoseAlarmIntents.swift; sourceTree = "<group>"; };
		4C21605CC5C2E2D933AFE62F /* DebugReminderHandler.swift */ = {isa = PBXFileReference; lastKnownFileType = sourcecode.swift; path = DebugReminderHandler.swift; sourceTree = "<group>"; };
		4F54D86E0A2A967EA71D0327 /* SalusCommon */ = {isa = PBXFileReference; lastKnownFileType = folder; name = SalusCommon; path = Packages/SalusCommon; sourceTree = SOURCE_ROOT; };
		69A1B55BADFFC2D672DBFB8E /* Salus.app */ = {isa = PBXFileReference; includeInIndex = 0; lastKnownFileType = wrapper.application; path = Salus.app; sourceTree = BUILT_PRODUCTS_DIR; };
		6A163935FC35E7AA1B312E8E /* Secrets.xcconfig */ = {isa = PBXFileReference; lastKnownFileType = text.xcconfig; path = Secrets.xcconfig; sourceTree = "<group>"; };
		6F9E9049E82ED2E281E9C07E /* AiHealthLanguageProvider.swift */ = {isa = PBXFileReference; lastKnownFileType = sourcecode.swift; path = AiHealthLanguageProvider.swift; sourceTree = "<group>"; };
		7C55BD8FCF59C4D3D0B3D410 /* AlarmActionBridge.swift */ = {isa = PBXFileReference; lastKnownFileType = sourcecode.swift; path = AlarmActionBridge.swift; sourceTree = "<group>"; };
		7E5895AE298994F9E378CD48 /* FeatureVitals */ = {isa = PBXFileReference; lastKnownFileType = folder; name = FeatureVitals; path = Packages/Features/FeatureVitals; sourceTree = SOURCE_ROOT; };
		80918512BF78D2B9D3F0B433 /* salus_alarm.caf */ = {isa = PBXFileReference; path = salus_alarm.caf; sourceTree = "<group>"; };
		814A06AA9BCDD69E3C76C98E /* RootTab.swift */ = {isa = PBXFileReference; lastKnownFileType = sourcecode.swift; path = RootTab.swift; sourceTree = "<group>"; };
		814D8ECF9C6A2402529D7DF1 /* Salus.entitlements */ = {isa = PBXFileReference; lastKnownFileType = text.plist.entitlements; path = Salus.entitlements; sourceTree = "<group>"; };
		837A905B9212600BCAD4F423 /* AppCompositionRoot+Reminder.swift */ = {isa = PBXFileReference; lastKnownFileType = sourcecode.swift; path = "AppCompositionRoot+Reminder.swift"; sourceTree = "<group>"; };
		92401A60F464F47C5E0F8036 /* SalusDesignSystem */ = {isa = PBXFileReference; lastKnownFileType = folder; name = SalusDesignSystem; path = Packages/SalusDesignSystem; sourceTree = SOURCE_ROOT; };
		9B8F2A890F3F3F21B89FEE3C /* FeatureCycle */ = {isa = PBXFileReference; lastKnownFileType = folder; name = FeatureCycle; path = Packages/Features/FeatureCycle; sourceTree = SOURCE_ROOT; };
		A67DE1AE6F3D7139BE6B48DF /* FeatureOnboarding */ = {isa = PBXFileReference; lastKnownFileType = folder; name = FeatureOnboarding; path = Packages/Features/FeatureOnboarding; sourceTree = SOURCE_ROOT; };
		A853DA3BEE5AEAF0DC4959BF /* Info.plist */ = {isa = PBXFileReference; lastKnownFileType = text.plist; path = Info.plist; sourceTree = "<group>"; };
		ABE62DF92DB777EA452EBEAF /* SalusModel */ = {isa = PBXFileReference; lastKnownFileType = folder; name = SalusModel; path = Packages/SalusModel; sourceTree = SOURCE_ROOT; };
		AC11B0F74C84F76888F4B842 /* tr */ = {isa = PBXFileReference; lastKnownFileType = text.plist.strings; name = tr; path = tr.lproj/InfoPlist.strings; sourceTree = "<group>"; };
		AC90CD3E4D0ADF19D6382982 /* AppLockGate.swift */ = {isa = PBXFileReference; lastKnownFileType = sourcecode.swift; path = AppLockGate.swift; sourceTree = "<group>"; };
		B2E78EA7B704B8A1333B32A6 /* WindowPurchaseHost.swift */ = {isa = PBXFileReference; lastKnownFileType = sourcecode.swift; path = WindowPurchaseHost.swift; sourceTree = "<group>"; };
		B817341D6CF4C638CED0FA9A /* FeatureMedications */ = {isa = PBXFileReference; lastKnownFileType = folder; name = FeatureMedications; path = Packages/Features/FeatureMedications; sourceTree = SOURCE_ROOT; };
		BC743CA17A5881148ADB706C /* LockPrompting.swift */ = {isa = PBXFileReference; lastKnownFileType = sourcecode.swift; path = LockPrompting.swift; sourceTree = "<group>"; };
		C46AC39F5A2F807756E92213 /* AppCompositionRoot+Modules.swift */ = {isa = PBXFileReference; lastKnownFileType = sourcecode.swift; path = "AppCompositionRoot+Modules.swift"; sourceTree = "<group>"; };
		C9D663E6B65CEEF73E47F04C /* SalusProfile */ = {isa = PBXFileReference; lastKnownFileType = folder; name = SalusProfile; path = Packages/SalusProfile; sourceTree = SOURCE_ROOT; };
		CBB3D1F6577F9A1686EEF47C /* AppAlarmIntents.swift */ = {isa = PBXFileReference; lastKnownFileType = sourcecode.swift; path = AppAlarmIntents.swift; sourceTree = "<group>"; };
		CFD65DD6E68A8FDD2B7AF95E /* SalusUI */ = {isa = PBXFileReference; lastKnownFileType = folder; name = SalusUI; path = Packages/SalusUI; sourceTree = SOURCE_ROOT; };
		DB2EC7F12C44DB84FFDDEDDD /* en */ = {isa = PBXFileReference; lastKnownFileType = text.plist.strings; name = en; path = en.lproj/InfoPlist.strings; sourceTree = "<group>"; };
		DB6A66893942C24C8375E552 /* SalusNavigation */ = {isa = PBXFileReference; lastKnownFileType = folder; name = SalusNavigation; path = Packages/SalusNavigation; sourceTree = SOURCE_ROOT; };
		DCD32552E9312DFB2001E89E /* SalusReminder */ = {isa = PBXFileReference; lastKnownFileType = folder; name = SalusReminder; path = Packages/SalusReminder; sourceTree = SOURCE_ROOT; };
		DD23C20F30CAC3985B032901 /* FeatureHome */ = {isa = PBXFileReference; lastKnownFileType = folder; name = FeatureHome; path = Packages/Features/FeatureHome; sourceTree = SOURCE_ROOT; };
		F703871BE6F4C3CF92AA8959 /* SalusApp.swift */ = {isa = PBXFileReference; lastKnownFileType = sourcecode.swift; path = SalusApp.swift; sourceTree = "<group>"; };
		FB07F2CDE3F6B9CCBA968FB7 /* FeatureSettings */ = {isa = PBXFileReference; lastKnownFileType = folder; name = FeatureSettings; path = Packages/Features/FeatureSettings; sourceTree = SOURCE_ROOT; };
		FFF3039AFC293D736FB70E66 /* FeaturePaywall */ = {isa = PBXFileReference; lastKnownFileType = folder; name = FeaturePaywall; path = Packages/Features/FeaturePaywall; sourceTree = SOURCE_ROOT; };
/* End PBXFileReference section */

/* Begin PBXFrameworksBuildPhase section */
		638B844B1E2F7CFD1F93FD01 /* Frameworks */ = {
			isa = PBXFrameworksBuildPhase;
			buildActionMask = 2147483647;
			files = (
				99186A4143B93D27A5CCE3E2 /* SalusDesignSystem in Frameworks */,
				3321C284993CDAECC785BB87 /* SalusDatabase in Frameworks */,
				B08C36EA11ED996DB0731323 /* SalusSettings in Frameworks */,
				E96240D6854215CCE9B0EB25 /* SalusProfile in Frameworks */,
				537EC5AA135769AF924F7DC3 /* SalusCommon in Frameworks */,
				A016D85074A4509AC99FF2FF /* SalusModel in Frameworks */,
				551793D6452E4FC23ACF2654 /* SalusNavigation in Frameworks */,
				C9CA768F60D2F662068FC166 /* SalusUI in Frameworks */,
				0E32E65689FF17CEBD1E46D5 /* FeatureVitals in Frameworks */,
				D9E03062854D4C95BAF2AB90 /* FeatureSettings in Frameworks */,
				67B28E418073168A4F8C0D99 /* FeatureAppointments in Frameworks */,
				23F65989585616FBE8ED64EA /* FeatureMedications in Frameworks */,
				DA4B13A08A43ECDAE0D2FB35 /* FeatureCycle in Frameworks */,
				61FCE28653A2B350591DE06E /* FeatureHome in Frameworks */,
				0E9E0DAA19047413F9B8EF0D /* FeatureAIHealth in Frameworks */,
				56D46F5ED917FBAEA79E96F5 /* FeatureOnboarding in Frameworks */,
				F23FBE658A3DFEC37FE4A564 /* FeaturePaywall in Frameworks */,
				B188A1539DA23C3F506EFCB9 /* SalusReminder in Frameworks */,
				8A50D3A5738D054EDC2BDB8B /* SalusPremium in Frameworks */,
			);
			runOnlyForDeploymentPostprocessing = 0;
		};
/* End PBXFrameworksBuildPhase section */

/* Begin PBXGroup section */
		1705B791858378CE8669E1A2 /* Packages */ = {
			isa = PBXGroup;
			children = (
				22BCD818921CF8261813C3F1 /* FeatureAIHealth */,
				2A068E62066834CBBAD1DFE8 /* FeatureAppointments */,
				9B8F2A890F3F3F21B89FEE3C /* FeatureCycle */,
				DD23C20F30CAC3985B032901 /* FeatureHome */,
				B817341D6CF4C638CED0FA9A /* FeatureMedications */,
				A67DE1AE6F3D7139BE6B48DF /* FeatureOnboarding */,
				FFF3039AFC293D736FB70E66 /* FeaturePaywall */,
				FB07F2CDE3F6B9CCBA968FB7 /* FeatureSettings */,
				7E5895AE298994F9E378CD48 /* FeatureVitals */,
				4F54D86E0A2A967EA71D0327 /* SalusCommon */,
				0CB7EF65297E10E2C5CF4C2D /* SalusDatabase */,
				92401A60F464F47C5E0F8036 /* SalusDesignSystem */,
				ABE62DF92DB777EA452EBEAF /* SalusModel */,
				DB6A66893942C24C8375E552 /* SalusNavigation */,
				061B25B94B5030AB40007508 /* SalusPremium */,
				C9D663E6B65CEEF73E47F04C /* SalusProfile */,
				DCD32552E9312DFB2001E89E /* SalusReminder */,
				32081AE7A86A99CF65AC0A3A /* SalusSettings */,
				CFD65DD6E68A8FDD2B7AF95E /* SalusUI */,
			);
			path = Packages;
			sourceTree = "<group>";
		};
		63647BEF3F7D3E5745B03EDC = {
			isa = PBXGroup;
			children = (
				A8A07DF35E5624B1CA8B63A8 /* App */,
				1705B791858378CE8669E1A2 /* Packages */,
				AFDBADA44D114531DF68E190 /* Products */,
			);
			sourceTree = "<group>";
		};
		6A392B2A08D6304DBF51378F /* Resources */ = {
			isa = PBXGroup;
			children = (
				80918512BF78D2B9D3F0B433 /* salus_alarm.caf */,
			);
			path = Resources;
			sourceTree = "<group>";
		};
		7B26979369DD6CD398086DDA /* Lock */ = {
			isa = PBXGroup;
			children = (
				AC90CD3E4D0ADF19D6382982 /* AppLockGate.swift */,
				17EC8F7F2D16791CF7D4063F /* AppLockScreen.swift */,
				BC743CA17A5881148ADB706C /* LockPrompting.swift */,
			);
			path = Lock;
			sourceTree = "<group>";
		};
		A8A07DF35E5624B1CA8B63A8 /* App */ = {
			isa = PBXGroup;
			children = (
				3B1306692224BD06CE0E55BF /* InfoPlist.strings */,
				7B26979369DD6CD398086DDA /* Lock */,
				C6796801C34DB4173CAE4458 /* Reminder */,
				6A392B2A08D6304DBF51378F /* Resources */,
				6F9E9049E82ED2E281E9C07E /* AiHealthLanguageProvider.swift */,
				15AD79D550BC94771443016D /* AppCompositionRoot.swift */,
				C46AC39F5A2F807756E92213 /* AppCompositionRoot+Modules.swift */,
				837A905B9212600BCAD4F423 /* AppCompositionRoot+Reminder.swift */,
				0C40A21C37AD104957DD4999 /* AppStrings.swift */,
				4C21605CC5C2E2D933AFE62F /* DebugReminderHandler.swift */,
				A853DA3BEE5AEAF0DC4959BF /* Info.plist */,
				322C707DD49C5D019E45E256 /* Localizable.xcstrings */,
				095041F0094FA2361E9C69EE /* PaywallHost.swift */,
				1967360C450E679E57DA1D68 /* PrivacyOverlay.swift */,
				1032A49894F75CD828D5BA26 /* RootGates.swift */,
				814A06AA9BCDD69E3C76C98E /* RootTab.swift */,
				3682A16DBF8B254394C1B404 /* RootView.swift */,
				814D8ECF9C6A2402529D7DF1 /* Salus.entitlements */,
				F703871BE6F4C3CF92AA8959 /* SalusApp.swift */,
				069ADE1695ADB2AA5AA05801 /* Secrets.local.xcconfig */,
				6A163935FC35E7AA1B312E8E /* Secrets.xcconfig */,
				B2E78EA7B704B8A1333B32A6 /* WindowPurchaseHost.swift */,
			);
			path = App;
			sourceTree = "<group>";
		};
		AFDBADA44D114531DF68E190 /* Products */ = {
			isa = PBXGroup;
			children = (
				69A1B55BADFFC2D672DBFB8E /* Salus.app */,
			);
			name = Products;
			sourceTree = "<group>";
		};
		C6796801C34DB4173CAE4458 /* Reminder */ = {
			isa = PBXGroup;
			children = (
				7C55BD8FCF59C4D3D0B3D410 /* AlarmActionBridge.swift */,
				CBB3D1F6577F9A1686EEF47C /* AppAlarmIntents.swift */,
				384B5192E6595A6C79156881 /* DoseAlarmIntents.swift */,
			);
			path = Reminder;
			sourceTree = "<group>";
		};
/* End PBXGroup section */

/* Begin PBXNativeTarget section */
		A55E00D08F8D285E21B2B103 /* Salus */ = {
			isa = PBXNativeTarget;
			buildConfigurationList = 1BBF40E275F2BFFBBED868EF /* Build configuration list for PBXNativeTarget "Salus" */;
			buildPhases = (
				29E09EEA532E3D26CEB1E653 /* Sources */,
				7757EC872D911013B66CB0C4 /* Resources */,
				638B844B1E2F7CFD1F93FD01 /* Frameworks */,
			);
			buildRules = (
			);
			dependencies = (
			);
			name = Salus;
			packageProductDependencies = (
				C9C72A59E0A6B87AFB4FE4FF /* SalusDesignSystem */,
				23E6F4A762A65FDBF66C5851 /* SalusDatabase */,
				57D3E1D1FDC2AE9506EA16BD /* SalusSettings */,
				C00759E3F5DE77C5688CF407 /* SalusProfile */,
				AC3FBAE5BFB699978B2666B6 /* SalusCommon */,
				8ECECD06AD0F99DA3A276AD5 /* SalusModel */,
				ACCBF7E12A2FD2C767BEFFBE /* SalusNavigation */,
				886E308EC0BDC87438F00E5C /* SalusUI */,
				5FBA7A24FA520BFB0BB3288E /* FeatureVitals */,
				E9250C08C6EC71E8E58894A2 /* FeatureSettings */,
				80827652F8B85F6508132EC2 /* FeatureAppointments */,
				A09472DCFC9DF142C53A2DB6 /* FeatureMedications */,
				5DF81EBE222F89283ED6ED69 /* FeatureCycle */,
				2E2A6F78A5DCD99FDD5C879B /* FeatureHome */,
				C7390788843E1825E51A8168 /* FeatureAIHealth */,
				C6307E49C6A4B39D1F40287C /* FeatureOnboarding */,
				33D00ED7DEAC33B24C7D560B /* FeaturePaywall */,
				A5B22EB0FD372492463281EC /* SalusReminder */,
				87DE08D54D6185E8F6ABC654 /* SalusPremium */,
			);
			productName = Salus;
			productReference = 69A1B55BADFFC2D672DBFB8E /* Salus.app */;
			productType = "com.apple.product-type.application";
		};
/* End PBXNativeTarget section */

/* Begin PBXProject section */
		1EE4C78BC1AC9D56571497C6 /* Project object */ = {
			isa = PBXProject;
			attributes = {
				BuildIndependentTargetsInParallel = YES;
				LastUpgradeCheck = 1430;
				TargetAttributes = {
					A55E00D08F8D285E21B2B103 = {
						DevelopmentTeam = MSK744V99M;
						ProvisioningStyle = Automatic;
					};
				};
			};
			buildConfigurationList = CE292D13917A4EAB9B30BC9D /* Build configuration list for PBXProject "Salus" */;
			developmentRegion = tr;
			hasScannedForEncodings = 0;
			knownRegions = (
				Base,
				en,
				tr,
			);
			mainGroup = 63647BEF3F7D3E5745B03EDC;
			minimizedProjectReferenceProxies = 1;
			packageReferences = (
				FABDDEBF3A5D09192B1AC272 /* XCLocalSwiftPackageReference "Packages/Features/FeatureAIHealth" */,
				6465DBEECB45F10665EDA24A /* XCLocalSwiftPackageReference "Packages/Features/FeatureAppointments" */,
				35B454593DC5895C2D941BE4 /* XCLocalSwiftPackageReference "Packages/Features/FeatureCycle" */,
				7B66B36211E0268A802B7DCB /* XCLocalSwiftPackageReference "Packages/Features/FeatureHome" */,
				FEED6A69132C2925A5DD0619 /* XCLocalSwiftPackageReference "Packages/Features/FeatureMedications" */,
				F816C3BBD359087049413DDD /* XCLocalSwiftPackageReference "Packages/Features/FeatureOnboarding" */,
				6CA81F49CEB7F751D1316398 /* XCLocalSwiftPackageReference "Packages/Features/FeaturePaywall" */,
				BABE690D8DEEB98C0F649877 /* XCLocalSwiftPackageReference "Packages/Features/FeatureSettings" */,
				BEEB2F0D34F81F43C2C56B7D /* XCLocalSwiftPackageReference "Packages/Features/FeatureVitals" */,
				2BCCBA865C424BCA501A3067 /* XCLocalSwiftPackageReference "Packages/SalusCommon" */,
				D9F7240A029831E6799D62E6 /* XCLocalSwiftPackageReference "Packages/SalusDatabase" */,
				EBDD90FF7115F19C997BB708 /* XCLocalSwiftPackageReference "Packages/SalusDesignSystem" */,
				C711BED0BE26D716D6F5882B /* XCLocalSwiftPackageReference "Packages/SalusModel" */,
				C61908D549345FD630F0BEC5 /* XCLocalSwiftPackageReference "Packages/SalusNavigation" */,
				F2E933BA9EE639567FD76AF9 /* XCLocalSwiftPackageReference "Packages/SalusPremium" */,
				337C96AD9EDA00BA0977AE74 /* XCLocalSwiftPackageReference "Packages/SalusProfile" */,
				23445E271CDF2938E9C5329F /* XCLocalSwiftPackageReference "Packages/SalusReminder" */,
				951D15A91AED724707D7B845 /* XCLocalSwiftPackageReference "Packages/SalusSettings" */,
				248CA880A0C0E1AB1D9F5F58 /* XCLocalSwiftPackageReference "Packages/SalusUI" */,
			);
			preferredProjectObjectVersion = 77;
			productRefGroup = AFDBADA44D114531DF68E190 /* Products */;
			projectDirPath = "";
			projectRoot = "";
			targets = (
				A55E00D08F8D285E21B2B103 /* Salus */,
			);
		};
/* End PBXProject section */

/* Begin PBXResourcesBuildPhase section */
		7757EC872D911013B66CB0C4 /* Resources */ = {
			isa = PBXResourcesBuildPhase;
			buildActionMask = 2147483647;
			files = (
				09EF295DE4AD83F20308E424 /* InfoPlist.strings in Resources */,
				31B1435CF5BE4BF05CC0C0C1 /* Localizable.xcstrings in Resources */,
				913F6C91A354A0813950BD24 /* salus_alarm.caf in Resources */,
			);
			runOnlyForDeploymentPostprocessing = 0;
		};
/* End PBXResourcesBuildPhase section */

/* Begin PBXSourcesBuildPhase section */
		29E09EEA532E3D26CEB1E653 /* Sources */ = {
			isa = PBXSourcesBuildPhase;
			buildActionMask = 2147483647;
			files = (
				1F2A3ABC31C5E56E096402D3 /* AiHealthLanguageProvider.swift in Sources */,
				82BFDB838C5B33E74EC797EA /* AlarmActionBridge.swift in Sources */,
				E6D8F62A94D311D909FEF6B3 /* AppAlarmIntents.swift in Sources */,
				3D484E56042E4D7001156A70 /* AppCompositionRoot+Modules.swift in Sources */,
				20CE1EC6D03BC4A4DE7B0C06 /* AppCompositionRoot+Reminder.swift in Sources */,
				1102517D43A6643370219A27 /* AppCompositionRoot.swift in Sources */,
				4E1FB0FCA8071ED1503A2FEC /* AppLockGate.swift in Sources */,
				3465E87C8F8A0E450EA3DB25 /* AppLockScreen.swift in Sources */,
				0539B0B434063E373D3D798F /* AppStrings.swift in Sources */,
				1F0578B19CE4AC5AB5CCC17F /* DebugReminderHandler.swift in Sources */,
				0E8DF43BA69659B95A5AB53F /* DoseAlarmIntents.swift in Sources */,
				B1AB01B38B995823C20C59CD /* LockPrompting.swift in Sources */,
				347CC17203F154F13B32CE21 /* PaywallHost.swift in Sources */,
				FCAEC19BE57D93E9ECEF0569 /* PrivacyOverlay.swift in Sources */,
				01626160451B48B804DCFB04 /* RootGates.swift in Sources */,
				71A7E5AF1C24B88439724AF9 /* RootTab.swift in Sources */,
				C2326DF7EB01BFBC5283C249 /* RootView.swift in Sources */,
				B049FC0314FE8C521DE31994 /* SalusApp.swift in Sources */,
				7A7E19B0A72C770F33130FD3 /* WindowPurchaseHost.swift in Sources */,
			);
			runOnlyForDeploymentPostprocessing = 0;
		};
/* End PBXSourcesBuildPhase section */

/* Begin PBXVariantGroup section */
		3B1306692224BD06CE0E55BF /* InfoPlist.strings */ = {
			isa = PBXVariantGroup;
			children = (
				DB2EC7F12C44DB84FFDDEDDD /* en */,
				AC11B0F74C84F76888F4B842 /* tr */,
			);
			name = InfoPlist.strings;
			sourceTree = "<group>";
		};
/* End PBXVariantGroup section */

/* Begin XCBuildConfiguration section */
		28214DE76AFA740F6CF71777 /* Debug */ = {
			isa = XCBuildConfiguration;
			baseConfigurationReference = 6A163935FC35E7AA1B312E8E /* Secrets.xcconfig */;
			buildSettings = {
				ASSETCATALOG_COMPILER_APPICON_NAME = "";
				CODE_SIGN_ENTITLEMENTS = App/Salus.entitlements;
				CODE_SIGN_IDENTITY = "iPhone Developer";
				CODE_SIGN_STYLE = Automatic;
				CURRENT_PROJECT_VERSION = 1;
				DEVELOPMENT_TEAM = MSK744V99M;
				GENERATE_INFOPLIST_FILE = NO;
				INFOPLIST_FILE = App/Info.plist;
				IPHONEOS_DEPLOYMENT_TARGET = 17.0;
				LD_RUNPATH_SEARCH_PATHS = (
					"$(inherited)",
					"@executable_path/Frameworks",
				);
				MARKETING_VERSION = 0.1.0;
				PRODUCT_BUNDLE_IDENTIFIER = com.alicansekban.salus;
				PRODUCT_NAME = Salus;
				SALUS_REVENUECAT_API_KEY = "$(SALUS_REVENUECAT_API_KEY)";
				SDKROOT = iphoneos;
				TARGETED_DEVICE_FAMILY = 1;
			};
			name = Debug;
		};
		3740BBB9CD1C65BA3B667BB7 /* Debug */ = {
			isa = XCBuildConfiguration;
			buildSettings = {
				ALWAYS_SEARCH_USER_PATHS = NO;
				CLANG_ANALYZER_NONNULL = YES;
				CLANG_ANALYZER_NUMBER_OBJECT_CONVERSION = YES_AGGRESSIVE;
				CLANG_CXX_LANGUAGE_STANDARD = "gnu++14";
				CLANG_CXX_LIBRARY = "libc++";
				CLANG_ENABLE_MODULES = YES;
				CLANG_ENABLE_OBJC_ARC = YES;
				CLANG_ENABLE_OBJC_WEAK = YES;
				CLANG_WARN_BLOCK_CAPTURE_AUTORELEASING = YES;
				CLANG_WARN_BOOL_CONVERSION = YES;
				CLANG_WARN_COMMA = YES;
				CLANG_WARN_CONSTANT_CONVERSION = YES;
				CLANG_WARN_DEPRECATED_OBJC_IMPLEMENTATIONS = YES;
				CLANG_WARN_DIRECT_OBJC_ISA_USAGE = YES_ERROR;
				CLANG_WARN_DOCUMENTATION_COMMENTS = YES;
				CLANG_WARN_EMPTY_BODY = YES;
				CLANG_WARN_ENUM_CONVERSION = YES;
				CLANG_WARN_INFINITE_RECURSION = YES;
				CLANG_WARN_INT_CONVERSION = YES;
				CLANG_WARN_NON_LITERAL_NULL_CONVERSION = YES;
				CLANG_WARN_OBJC_IMPLICIT_RETAIN_SELF = YES;
				CLANG_WARN_OBJC_LITERAL_CONVERSION = YES;
				CLANG_WARN_OBJC_ROOT_CLASS = YES_ERROR;
				CLANG_WARN_QUOTED_INCLUDE_IN_FRAMEWORK_HEADER = YES;
				CLANG_WARN_RANGE_LOOP_ANALYSIS = YES;
				CLANG_WARN_STRICT_PROTOTYPES = YES;
				CLANG_WARN_SUSPICIOUS_MOVE = YES;
				CLANG_WARN_UNGUARDED_AVAILABILITY = YES_AGGRESSIVE;
				CLANG_WARN_UNREACHABLE_CODE = YES;
				CLANG_WARN__DUPLICATE_METHOD_MATCH = YES;
				COPY_PHASE_STRIP = NO;
				DEBUG_INFORMATION_FORMAT = dwarf;
				DEVELOPMENT_LANGUAGE = tr;
				ENABLE_MODULE_VERIFIER = NO;
				ENABLE_STRICT_OBJC_MSGSEND = YES;
				ENABLE_TESTABILITY = YES;
				ENABLE_USER_SCRIPT_SANDBOXING = YES;
				GCC_C_LANGUAGE_STANDARD = gnu11;
				GCC_DYNAMIC_NO_PIC = NO;
				GCC_NO_COMMON_BLOCKS = YES;
				GCC_OPTIMIZATION_LEVEL = 0;
				GCC_PREPROCESSOR_DEFINITIONS = (
					"$(inherited)",
					"DEBUG=1",
				);
				GCC_WARN_64_TO_32_BIT_CONVERSION = YES;
				GCC_WARN_ABOUT_RETURN_TYPE = YES_ERROR;
				GCC_WARN_UNDECLARED_SELECTOR = YES;
				GCC_WARN_UNINITIALIZED_AUTOS = YES_AGGRESSIVE;
				GCC_WARN_UNUSED_FUNCTION = YES;
				GCC_WARN_UNUSED_VARIABLE = YES;
				IPHONEOS_DEPLOYMENT_TARGET = 17.0;
				MTL_ENABLE_DEBUG_INFO = INCLUDE_SOURCE;
				MTL_FAST_MATH = YES;
				ONLY_ACTIVE_ARCH = YES;
				PRODUCT_NAME = "$(TARGET_NAME)";
				SDKROOT = iphoneos;
				SWIFT_ACTIVE_COMPILATION_CONDITIONS = DEBUG;
				SWIFT_OPTIMIZATION_LEVEL = "-Onone";
				SWIFT_TREAT_WARNINGS_AS_ERRORS = NO;
				SWIFT_VERSION = 6.0;
			};
			name = Debug;
		};
		937CAFBAC182B8EAF2256189 /* Release */ = {
			isa = XCBuildConfiguration;
			buildSettings = {
				ALWAYS_SEARCH_USER_PATHS = NO;
				CLANG_ANALYZER_NONNULL = YES;
				CLANG_ANALYZER_NUMBER_OBJECT_CONVERSION = YES_AGGRESSIVE;
				CLANG_CXX_LANGUAGE_STANDARD = "gnu++14";
				CLANG_CXX_LIBRARY = "libc++";
				CLANG_ENABLE_MODULES = YES;
				CLANG_ENABLE_OBJC_ARC = YES;
				CLANG_ENABLE_OBJC_WEAK = YES;
				CLANG_WARN_BLOCK_CAPTURE_AUTORELEASING = YES;
				CLANG_WARN_BOOL_CONVERSION = YES;
				CLANG_WARN_COMMA = YES;
				CLANG_WARN_CONSTANT_CONVERSION = YES;
				CLANG_WARN_DEPRECATED_OBJC_IMPLEMENTATIONS = YES;
				CLANG_WARN_DIRECT_OBJC_ISA_USAGE = YES_ERROR;
				CLANG_WARN_DOCUMENTATION_COMMENTS = YES;
				CLANG_WARN_EMPTY_BODY = YES;
				CLANG_WARN_ENUM_CONVERSION = YES;
				CLANG_WARN_INFINITE_RECURSION = YES;
				CLANG_WARN_INT_CONVERSION = YES;
				CLANG_WARN_NON_LITERAL_NULL_CONVERSION = YES;
				CLANG_WARN_OBJC_IMPLICIT_RETAIN_SELF = YES;
				CLANG_WARN_OBJC_LITERAL_CONVERSION = YES;
				CLANG_WARN_OBJC_ROOT_CLASS = YES_ERROR;
				CLANG_WARN_QUOTED_INCLUDE_IN_FRAMEWORK_HEADER = YES;
				CLANG_WARN_RANGE_LOOP_ANALYSIS = YES;
				CLANG_WARN_STRICT_PROTOTYPES = YES;
				CLANG_WARN_SUSPICIOUS_MOVE = YES;
				CLANG_WARN_UNGUARDED_AVAILABILITY = YES_AGGRESSIVE;
				CLANG_WARN_UNREACHABLE_CODE = YES;
				CLANG_WARN__DUPLICATE_METHOD_MATCH = YES;
				COPY_PHASE_STRIP = NO;
				DEBUG_INFORMATION_FORMAT = "dwarf-with-dsym";
				DEVELOPMENT_LANGUAGE = tr;
				ENABLE_MODULE_VERIFIER = NO;
				ENABLE_NS_ASSERTIONS = NO;
				ENABLE_STRICT_OBJC_MSGSEND = YES;
				ENABLE_USER_SCRIPT_SANDBOXING = YES;
				GCC_C_LANGUAGE_STANDARD = gnu11;
				GCC_NO_COMMON_BLOCKS = YES;
				GCC_WARN_64_TO_32_BIT_CONVERSION = YES;
				GCC_WARN_ABOUT_RETURN_TYPE = YES_ERROR;
				GCC_WARN_UNDECLARED_SELECTOR = YES;
				GCC_WARN_UNINITIALIZED_AUTOS = YES_AGGRESSIVE;
				GCC_WARN_UNUSED_FUNCTION = YES;
				GCC_WARN_UNUSED_VARIABLE = YES;
				IPHONEOS_DEPLOYMENT_TARGET = 17.0;
				MTL_ENABLE_DEBUG_INFO = NO;
				MTL_FAST_MATH = YES;
				PRODUCT_NAME = "$(TARGET_NAME)";
				SDKROOT = iphoneos;
				SWIFT_COMPILATION_MODE = wholemodule;
				SWIFT_OPTIMIZATION_LEVEL = "-O";
				SWIFT_TREAT_WARNINGS_AS_ERRORS = NO;
				SWIFT_VERSION = 6.0;
			};
			name = Release;
		};
		E8BAF29D05BB8C6DB6C6C019 /* Release */ = {
			isa = XCBuildConfiguration;
			baseConfigurationReference = 6A163935FC35E7AA1B312E8E /* Secrets.xcconfig */;
			buildSettings = {
				ASSETCATALOG_COMPILER_APPICON_NAME = "";
				CODE_SIGN_ENTITLEMENTS = App/Salus.entitlements;
				CODE_SIGN_IDENTITY = "iPhone Developer";
				CODE_SIGN_STYLE = Automatic;
				CURRENT_PROJECT_VERSION = 1;
				DEVELOPMENT_TEAM = MSK744V99M;
				GENERATE_INFOPLIST_FILE = NO;
				INFOPLIST_FILE = App/Info.plist;
				IPHONEOS_DEPLOYMENT_TARGET = 17.0;
				LD_RUNPATH_SEARCH_PATHS = (
					"$(inherited)",
					"@executable_path/Frameworks",
				);
				MARKETING_VERSION = 0.1.0;
				PRODUCT_BUNDLE_IDENTIFIER = com.alicansekban.salus;
				PRODUCT_NAME = Salus;
				SALUS_REVENUECAT_API_KEY = "$(SALUS_REVENUECAT_API_KEY)";
				SDKROOT = iphoneos;
				TARGETED_DEVICE_FAMILY = 1;
			};
			name = Release;
		};
/* End XCBuildConfiguration section */

/* Begin XCConfigurationList section */
		1BBF40E275F2BFFBBED868EF /* Build configuration list for PBXNativeTarget "Salus" */ = {
			isa = XCConfigurationList;
			buildConfigurations = (
				28214DE76AFA740F6CF71777 /* Debug */,
				E8BAF29D05BB8C6DB6C6C019 /* Release */,
			);
			defaultConfigurationIsVisible = 0;
			defaultConfigurationName = Debug;
		};
		CE292D13917A4EAB9B30BC9D /* Build configuration list for PBXProject "Salus" */ = {
			isa = XCConfigurationList;
			buildConfigurations = (
				3740BBB9CD1C65BA3B667BB7 /* Debug */,
				937CAFBAC182B8EAF2256189 /* Release */,
			);
			defaultConfigurationIsVisible = 0;
			defaultConfigurationName = Debug;
		};
/* End XCConfigurationList section */

/* Begin XCLocalSwiftPackageReference section */
		23445E271CDF2938E9C5329F /* XCLocalSwiftPackageReference "Packages/SalusReminder" */ = {
			isa = XCLocalSwiftPackageReference;
			relativePath = Packages/SalusReminder;
		};
		248CA880A0C0E1AB1D9F5F58 /* XCLocalSwiftPackageReference "Packages/SalusUI" */ = {
			isa = XCLocalSwiftPackageReference;
			relativePath = Packages/SalusUI;
		};
		2BCCBA865C424BCA501A3067 /* XCLocalSwiftPackageReference "Packages/SalusCommon" */ = {
			isa = XCLocalSwiftPackageReference;
			relativePath = Packages/SalusCommon;
		};
		337C96AD9EDA00BA0977AE74 /* XCLocalSwiftPackageReference "Packages/SalusProfile" */ = {
			isa = XCLocalSwiftPackageReference;
			relativePath = Packages/SalusProfile;
		};
		35B454593DC5895C2D941BE4 /* XCLocalSwiftPackageReference "Packages/Features/FeatureCycle" */ = {
			isa = XCLocalSwiftPackageReference;
			relativePath = Packages/Features/FeatureCycle;
		};
		6465DBEECB45F10665EDA24A /* XCLocalSwiftPackageReference "Packages/Features/FeatureAppointments" */ = {
			isa = XCLocalSwiftPackageReference;
			relativePath = Packages/Features/FeatureAppointments;
		};
		6CA81F49CEB7F751D1316398 /* XCLocalSwiftPackageReference "Packages/Features/FeaturePaywall" */ = {
			isa = XCLocalSwiftPackageReference;
			relativePath = Packages/Features/FeaturePaywall;
		};
		7B66B36211E0268A802B7DCB /* XCLocalSwiftPackageReference "Packages/Features/FeatureHome" */ = {
			isa = XCLocalSwiftPackageReference;
			relativePath = Packages/Features/FeatureHome;
		};
		951D15A91AED724707D7B845 /* XCLocalSwiftPackageReference "Packages/SalusSettings" */ = {
			isa = XCLocalSwiftPackageReference;
			relativePath = Packages/SalusSettings;
		};
		BABE690D8DEEB98C0F649877 /* XCLocalSwiftPackageReference "Packages/Features/FeatureSettings" */ = {
			isa = XCLocalSwiftPackageReference;
			relativePath = Packages/Features/FeatureSettings;
		};
		BEEB2F0D34F81F43C2C56B7D /* XCLocalSwiftPackageReference "Packages/Features/FeatureVitals" */ = {
			isa = XCLocalSwiftPackageReference;
			relativePath = Packages/Features/FeatureVitals;
		};
		C61908D549345FD630F0BEC5 /* XCLocalSwiftPackageReference "Packages/SalusNavigation" */ = {
			isa = XCLocalSwiftPackageReference;
			relativePath = Packages/SalusNavigation;
		};
		C711BED0BE26D716D6F5882B /* XCLocalSwiftPackageReference "Packages/SalusModel" */ = {
			isa = XCLocalSwiftPackageReference;
			relativePath = Packages/SalusModel;
		};
		D9F7240A029831E6799D62E6 /* XCLocalSwiftPackageReference "Packages/SalusDatabase" */ = {
			isa = XCLocalSwiftPackageReference;
			relativePath = Packages/SalusDatabase;
		};
		EBDD90FF7115F19C997BB708 /* XCLocalSwiftPackageReference "Packages/SalusDesignSystem" */ = {
			isa = XCLocalSwiftPackageReference;
			relativePath = Packages/SalusDesignSystem;
		};
		F2E933BA9EE639567FD76AF9 /* XCLocalSwiftPackageReference "Packages/SalusPremium" */ = {
			isa = XCLocalSwiftPackageReference;
			relativePath = Packages/SalusPremium;
		};
		F816C3BBD359087049413DDD /* XCLocalSwiftPackageReference "Packages/Features/FeatureOnboarding" */ = {
			isa = XCLocalSwiftPackageReference;
			relativePath = Packages/Features/FeatureOnboarding;
		};
		FABDDEBF3A5D09192B1AC272 /* XCLocalSwiftPackageReference "Packages/Features/FeatureAIHealth" */ = {
			isa = XCLocalSwiftPackageReference;
			relativePath = Packages/Features/FeatureAIHealth;
		};
		FEED6A69132C2925A5DD0619 /* XCLocalSwiftPackageReference "Packages/Features/FeatureMedications" */ = {
			isa = XCLocalSwiftPackageReference;
			relativePath = Packages/Features/FeatureMedications;
		};
/* End XCLocalSwiftPackageReference section */

/* Begin XCSwiftPackageProductDependency section */
		23E6F4A762A65FDBF66C5851 /* SalusDatabase */ = {
			isa = XCSwiftPackageProductDependency;
			productName = SalusDatabase;
		};
		2E2A6F78A5DCD99FDD5C879B /* FeatureHome */ = {
			isa = XCSwiftPackageProductDependency;
			productName = FeatureHome;
		};
		33D00ED7DEAC33B24C7D560B /* FeaturePaywall */ = {
			isa = XCSwiftPackageProductDependency;
			productName = FeaturePaywall;
		};
		57D3E1D1FDC2AE9506EA16BD /* SalusSettings */ = {
			isa = XCSwiftPackageProductDependency;
			productName = SalusSettings;
		};
		5DF81EBE222F89283ED6ED69 /* FeatureCycle */ = {
			isa = XCSwiftPackageProductDependency;
			productName = FeatureCycle;
		};
		5FBA7A24FA520BFB0BB3288E /* FeatureVitals */ = {
			isa = XCSwiftPackageProductDependency;
			productName = FeatureVitals;
		};
		80827652F8B85F6508132EC2 /* FeatureAppointments */ = {
			isa = XCSwiftPackageProductDependency;
			productName = FeatureAppointments;
		};
		87DE08D54D6185E8F6ABC654 /* SalusPremium */ = {
			isa = XCSwiftPackageProductDependency;
			productName = SalusPremium;
		};
		886E308EC0BDC87438F00E5C /* SalusUI */ = {
			isa = XCSwiftPackageProductDependency;
			productName = SalusUI;
		};
		8ECECD06AD0F99DA3A276AD5 /* SalusModel */ = {
			isa = XCSwiftPackageProductDependency;
			productName = SalusModel;
		};
		A09472DCFC9DF142C53A2DB6 /* FeatureMedications */ = {
			isa = XCSwiftPackageProductDependency;
			productName = FeatureMedications;
		};
		A5B22EB0FD372492463281EC /* SalusReminder */ = {
			isa = XCSwiftPackageProductDependency;
			productName = SalusReminder;
		};
		AC3FBAE5BFB699978B2666B6 /* SalusCommon */ = {
			isa = XCSwiftPackageProductDependency;
			productName = SalusCommon;
		};
		ACCBF7E12A2FD2C767BEFFBE /* SalusNavigation */ = {
			isa = XCSwiftPackageProductDependency;
			productName = SalusNavigation;
		};
		C00759E3F5DE77C5688CF407 /* SalusProfile */ = {
			isa = XCSwiftPackageProductDependency;
			productName = SalusProfile;
		};
		C6307E49C6A4B39D1F40287C /* FeatureOnboarding */ = {
			isa = XCSwiftPackageProductDependency;
			productName = FeatureOnboarding;
		};
		C7390788843E1825E51A8168 /* FeatureAIHealth */ = {
			isa = XCSwiftPackageProductDependency;
			productName = FeatureAIHealth;
		};
		C9C72A59E0A6B87AFB4FE4FF /* SalusDesignSystem */ = {
			isa = XCSwiftPackageProductDependency;
			productName = SalusDesignSystem;
		};
		E9250C08C6EC71E8E58894A2 /* FeatureSettings */ = {
			isa = XCSwiftPackageProductDependency;
			productName = FeatureSettings;
		};
/* End XCSwiftPackageProductDependency section */
	};
	rootObject = 1EE4C78BC1AC9D56571497C6 /* Project object */;
}
